// !$*UTF8*$!
{
	archiveVersion = 1;
	classes = {
	};
	objectVersion = 55;
	objects = {

/* Begin PBXBuildFile section */
		029484EF2724465000C7CC66 /* Icon.png in Resources */ = {isa = PBXBuildFile; fileRef = 029484EE2724465000C7CC66 /* Icon.png */; };
		029484F02724465000C7CC66 /* Icon.png in Resources */ = {isa = PBXBuildFile; fileRef = 029484EE2724465000C7CC66 /* Icon.png */; };
		02AA642B2721C1C100007445 /* AppDelegate.swift in Sources */ = {isa = PBXBuildFile; fileRef = 02AA642A2721C1C100007445 /* AppDelegate.swift */; };
		02AA642D2721C1C100007445 /* SceneDelegate.swift in Sources */ = {isa = PBXBuildFile; fileRef = 02AA642C2721C1C100007445 /* SceneDelegate.swift */; };
		02AA64302721C1C100007445 /* LaunchScreen.storyboard in Resources */ = {isa = PBXBuildFile; fileRef = 02AA642E2721C1C100007445 /* LaunchScreen.storyboard */; };
		02AA64332721C1C100007445 /* Main.storyboard in Resources */ = {isa = PBXBuildFile; fileRef = 02AA64312721C1C100007445 /* Main.storyboard */; };
		02AA643C2721C1C100007445 /* AppDelegate.swift in Sources */ = {isa = PBXBuildFile; fileRef = 02AA643B2721C1C100007445 /* AppDelegate.swift */; };
		02AA643F2721C1C100007445 /* Main.storyboard in Resources */ = {isa = PBXBuildFile; fileRef = 02AA643D2721C1C100007445 /* Main.storyboard */; };
		02AA64462721C1C100007445 /* Behind The Overlay Extension.appex in Embed App Extensions */ = {isa = PBXBuildFile; fileRef = 02AA64452721C1C100007445 /* Behind The Overlay Extension.appex */; settings = {ATTRIBUTES = (RemoveHeadersOnCopy, ); }; };
		02AA64502721C1C100007445 /* Behind The Overlay Extension.appex in Embed App Extensions */ = {isa = PBXBuildFile; fileRef = 02AA644F2721C1C100007445 /* Behind The Overlay Extension.appex */; settings = {ATTRIBUTES = (RemoveHeadersOnCopy, ); }; };
		02AA64552721C1C100007445 /* Main.html in Resources */ = {isa = PBXBuildFile; fileRef = 02AA64112721C1BB00007445 /* Main.html */; };
		02AA64562721C1C100007445 /* Main.html in Resources */ = {isa = PBXBuildFile; fileRef = 02AA64112721C1BB00007445 /* Main.html */; };
		02AA64592721C1C100007445 /* Style.css in Resources */ = {isa = PBXBuildFile; fileRef = 02AA64142721C1BB00007445 /* Style.css */; };
		02AA645A2721C1C100007445 /* Style.css in Resources */ = {isa = PBXBuildFile; fileRef = 02AA64142721C1BB00007445 /* Style.css */; };
		02AA645B2721C1C100007445 /* Script.js in Resources */ = {isa = PBXBuildFile; fileRef = 02AA64152721C1BB00007445 /* Script.js */; };
		02AA645C2721C1C100007445 /* Script.js in Resources */ = {isa = PBXBuildFile; fileRef = 02AA64152721C1BB00007445 /* Script.js */; };
		02AA645D2721C1C100007445 /* ViewController.swift in Sources */ = {isa = PBXBuildFile; fileRef = 02AA64162721C1BB00007445 /* ViewController.swift */; };
		02AA645E2721C1C100007445 /* ViewController.swift in Sources */ = {isa = PBXBuildFile; fileRef = 02AA64162721C1BB00007445 /* ViewController.swift */; };
		02AA645F2721C1C100007445 /* Assets.xcassets in Resources */ = {isa = PBXBuildFile; fileRef = 02AA64172721C1C100007445 /* Assets.xcassets */; };
		02AA64602721C1C100007445 /* Assets.xcassets in Resources */ = {isa = PBXBuildFile; fileRef = 02AA64172721C1C100007445 /* Assets.xcassets */; };
		02AA64612721C1C100007445 /* SafariWebExtensionHandler.swift in Sources */ = {isa = PBXBuildFile; fileRef = 02AA64192721C1C100007445 /* SafariWebExtensionHandler.swift */; };
		02AA64622721C1C100007445 /* SafariWebExtensionHandler.swift in Sources */ = {isa = PBXBuildFile; fileRef = 02AA64192721C1C100007445 /* SafariWebExtensionHandler.swift */; };
		02AA64632721C1C100007445 /* _locales in Resources */ = {isa = PBXBuildFile; fileRef = 02AA641B2721C1C100007445 /* _locales */; };
		02AA64642721C1C100007445 /* _locales in Resources */ = {isa = PBXBuildFile; fileRef = 02AA641B2721C1C100007445 /* _locales */; };
		02AA64652721C1C100007445 /* images in Resources */ = {isa = PBXBuildFile; fileRef = 02AA641C2721C1C100007445 /* images */; };
		02AA64662721C1C100007445 /* images in Resources */ = {isa = PBXBuildFile; fileRef = 02AA641C2721C1C100007445 /* images */; };
		02AA64672721C1C100007445 /* manifest.json in Resources */ = {isa = PBXBuildFile; fileRef = 02AA641D2721C1C100007445 /* manifest.json */; };
		02AA64682721C1C100007445 /* manifest.json in Resources */ = {isa = PBXBuildFile; fileRef = 02AA641D2721C1C100007445 /* manifest.json */; };
		02AA64692721C1C100007445 /* background.js in Resources */ = {isa = PBXBuildFile; fileRef = 02AA641E2721C1C100007445 /* background.js */; };
		02AA646A2721C1C100007445 /* background.js in Resources */ = {isa = PBXBuildFile; fileRef = 02AA641E2721C1C100007445 /* background.js */; };
		02AA646B2721C1C100007445 /* overlay_remover.js in Resources */ = {isa = PBXBuildFile; fileRef = 02AA641F2721C1C100007445 /* overlay_remover.js */; };
		02AA646C2721C1C100007445 /* overlay_remover.js in Resources */ = {isa = PBXBuildFile; fileRef = 02AA641F2721C1C100007445 /* overlay_remover.js */; };
/* End PBXBuildFile section */

/* Begin PBXContainerItemProxy section */
		02AA64472721C1C100007445 /* PBXContainerItemProxy */ = {
			isa = PBXContainerItemProxy;
			containerPortal = 02AA640B2721C1BA00007445 /* Project object */;
			proxyType = 1;
			remoteGlobalIDString = 02AA64442721C1C100007445;
			remoteInfo = "Behind The Overlay Extension (iOS)";
		};
		02AA64512721C1C100007445 /* PBXContainerItemProxy */ = {
			isa = PBXContainerItemProxy;
			containerPortal = 02AA640B2721C1BA00007445 /* Project object */;
			proxyType = 1;
			remoteGlobalIDString = 02AA644E2721C1C100007445;
			remoteInfo = "Behind The Overlay Extension (macOS)";
		};
/* End PBXContainerItemProxy section */

/* Begin PBXCopyFilesBuildPhase section */
		02AA64782721C1C100007445 /* Embed App Extensions */ = {
			isa = PBXCopyFilesBuildPhase;
			buildActionMask = 2147483647;
			dstPath = "";
			dstSubfolderSpec = 13;
			files = (
				02AA64462721C1C100007445 /* Behind The Overlay Extension.appex in Embed App Extensions */,
			);
			name = "Embed App Extensions";
			runOnlyForDeploymentPostprocessing = 0;
		};
		02AA647F2721C1C100007445 /* Embed App Extensions */ = {
			isa = PBXCopyFilesBuildPhase;
			buildActionMask = 2147483647;
			dstPath = "";
			dstSubfolderSpec = 13;
			files = (
				02AA64502721C1C100007445 /* Behind The Overlay Extension.appex in Embed App Extensions */,
			);
			name = "Embed App Extensions";
			runOnlyForDeploymentPostprocessing = 0;
		};
/* End PBXCopyFilesBuildPhase section */

/* Begin PBXFileReference section */
		029484EE2724465000C7CC66 /* Icon.png */ = {isa = PBXFileReference; lastKnownFileType = image.png; path = Icon.png; sourceTree = "<group>"; };
		029484F127244B9E00C7CC66 /* Behind The Overlay (macOS)Release.entitlements */ = {isa = PBXFileReference; lastKnownFileType = text.plist.entitlements; path = "Behind The Overlay (macOS)Release.entitlements"; sourceTree = "<group>"; };
		02AA64122721C1BB00007445 /* Base */ = {isa = PBXFileReference; lastKnownFileType = text.html; name = Base; path = ../Base.lproj/Main.html; sourceTree = "<group>"; };
		02AA64142721C1BB00007445 /* Style.css */ = {isa = PBXFileReference; lastKnownFileType = text.css; path = Style.css; sourceTree = "<group>"; };
		02AA64152721C1BB00007445 /* Script.js */ = {isa = PBXFileReference; lastKnownFileType = sourcecode.javascript; path = Script.js; sourceTree = "<group>"; };
		02AA64162721C1BB00007445 /* ViewController.swift */ = {isa = PBXFileReference; lastKnownFileType = sourcecode.swift; path = ViewController.swift; sourceTree = "<group>"; };
		02AA64172721C1C100007445 /* Assets.xcassets */ = {isa = PBXFileReference; lastKnownFileType = folder.assetcatalog; path = Assets.xcassets; sourceTree = "<group>"; };
		02AA64192721C1C100007445 /* SafariWebExtensionHandler.swift */ = {isa = PBXFileReference; lastKnownFileType = sourcecode.swift; path = SafariWebExtensionHandler.swift; sourceTree = "<group>"; };
		02AA641B2721C1C100007445 /* _locales */ = {isa = PBXFileReference; lastKnownFileType = folder; path = _locales; sourceTree = "<group>"; };
		02AA641C2721C1C100007445 /* images */ = {isa = PBXFileReference; lastKnownFileType = folder; path = images; sourceTree = "<group>"; };
		02AA641D2721C1C100007445 /* manifest.json */ = {isa = PBXFileReference; lastKnownFileType = text.json; path = manifest.json; sourceTree = "<group>"; };
		02AA641E2721C1C100007445 /* background.js */ = {isa = PBXFileReference; lastKnownFileType = sourcecode.javascript; path = background.js; sourceTree = "<group>"; usesTabs = 1; };
		02AA641F2721C1C100007445 /* overlay_remover.js */ = {isa = PBXFileReference; lastKnownFileType = sourcecode.javascript; path = overlay_remover.js; sourceTree = "<group>"; };
		02AA64272721C1C100007445 /* Behind The Overlay.app */ = {isa = PBXFileReference; explicitFileType = wrapper.application; includeInIndex = 0; path = "Behind The Overlay.app"; sourceTree = BUILT_PRODUCTS_DIR; };
		02AA642A2721C1C100007445 /* AppDelegate.swift */ = {isa = PBXFileReference; lastKnownFileType = sourcecode.swift; path = AppDelegate.swift; sourceTree = "<group>"; };
		02AA642C2721C1C100007445 /* SceneDelegate.swift */ = {isa = PBXFileReference; lastKnownFileType = sourcecode.swift; path = SceneDelegate.swift; sourceTree = "<group>"; };
		02AA642F2721C1C100007445 /* Base */ = {isa = PBXFileReference; lastKnownFileType = file.storyboard; name = Base; path = Base.lproj/LaunchScreen.storyboard; sourceTree = "<group>"; };
		02AA64322721C1C100007445 /* Base */ = {isa = PBXFileReference; lastKnownFileType = file.storyboard; name = Base; path = Base.lproj/Main.storyboard; sourceTree = "<group>"; };
		02AA64342721C1C100007445 /* Info.plist */ = {isa = PBXFileReference; lastKnownFileType = text.plist.xml; path = Info.plist; sourceTree = "<group>"; };
		02AA64392721C1C100007445 /* Behind The Overlay.app */ = {isa = PBXFileReference; explicitFileType = wrapper.application; includeInIndex = 0; path = "Behind The Overlay.app"; sourceTree = BUILT_PRODUCTS_DIR; };
		02AA643B2721C1C100007445 /* AppDelegate.swift */ = {isa = PBXFileReference; lastKnownFileType = sourcecode.swift; path = AppDelegate.swift; sourceTree = "<group>"; };
		02AA643E2721C1C100007445 /* Base */ = {isa = PBXFileReference; lastKnownFileType = file.storyboard; name = Base; path = Base.lproj/Main.storyboard; sourceTree = "<group>"; };
		02AA64402721C1C100007445 /* Behind The Overlay.entitlements */ = {isa = PBXFileReference; lastKnownFileType = text.plist.entitlements; path = "Behind The Overlay.entitlements"; sourceTree = "<group>"; };
		02AA64452721C1C100007445 /* Behind The Overlay Extension.appex */ = {isa = PBXFileReference; explicitFileType = "wrapper.app-extension"; includeInIndex = 0; path = "Behind The Overlay Extension.appex"; sourceTree = BUILT_PRODUCTS_DIR; };
		02AA644A2721C1C100007445 /* Info.plist */ = {isa = PBXFileReference; lastKnownFileType = text.plist.xml; path = Info.plist; sourceTree = "<group>"; };
		02AA644F2721C1C100007445 /* Behind The Overlay Extension.appex */ = {isa = PBXFileReference; explicitFileType = "wrapper.app-extension"; includeInIndex = 0; path = "Behind The Overlay Extension.appex"; sourceTree = BUILT_PRODUCTS_DIR; };
		02AA64542721C1C100007445 /* Info.plist */ = {isa = PBXFileReference; lastKnownFileType = text.plist.xml; path = Info.plist; sourceTree = "<group>"; };
/* End PBXFileReference section */

/* Begin PBXFrameworksBuildPhase section */
		02AA64242721C1C100007445 /* Frameworks */ = {
			isa = PBXFrameworksBuildPhase;
			buildActionMask = 2147483647;
			files = (
			);
			runOnlyForDeploymentPostprocessing = 0;
		};
		02AA64362721C1C100007445 /* Frameworks */ = {
			isa = PBXFrameworksBuildPhase;
			buildActionMask = 2147483647;
			files = (
			);
			runOnlyForDeploymentPostprocessing = 0;
		};
		02AA64422721C1C100007445 /* Frameworks */ = {
			isa = PBXFrameworksBuildPhase;
			buildActionMask = 2147483647;
			files = (
			);
			runOnlyForDeploymentPostprocessing = 0;
		};
		02AA644C2721C1C100007445 /* Frameworks */ = {
			isa = PBXFrameworksBuildPhase;
			buildActionMask = 2147483647;
			files = (
			);
			runOnlyForDeploymentPostprocessing = 0;
		};
/* End PBXFrameworksBuildPhase section */

/* Begin PBXGroup section */
		02AA640A2721C1BA00007445 = {
			isa = PBXGroup;
			children = (
				029484F127244B9E00C7CC66 /* Behind The Overlay (macOS)Release.entitlements */,
				02AA640F2721C1BB00007445 /* Shared (App) */,
				02AA64182721C1C100007445 /* Shared (Extension) */,
				02AA64292721C1C100007445 /* iOS (App) */,
				02AA643A2721C1C100007445 /* macOS (App) */,
				02AA64492721C1C100007445 /* iOS (Extension) */,
				02AA64532721C1C100007445 /* macOS (Extension) */,
				02AA64282721C1C100007445 /* Products */,
			);
			sourceTree = "<group>";
		};
		02AA640F2721C1BB00007445 /* Shared (App) */ = {
			isa = PBXGroup;
			children = (
				02AA64162721C1BB00007445 /* ViewController.swift */,
				02AA64172721C1C100007445 /* Assets.xcassets */,
				02AA64102721C1BB00007445 /* Resources */,
			);
			path = "Shared (App)";
			sourceTree = "<group>";
		};
		02AA64102721C1BB00007445 /* Resources */ = {
			isa = PBXGroup;
			children = (
				029484EE2724465000C7CC66 /* Icon.png */,
				02AA64112721C1BB00007445 /* Main.html */,
				02AA64142721C1BB00007445 /* Style.css */,
				02AA64152721C1BB00007445 /* Script.js */,
			);
			path = Resources;
			sourceTree = "<group>";
		};
		02AA64182721C1C100007445 /* Shared (Extension) */ = {
			isa = PBXGroup;
			children = (
				02AA64192721C1C100007445 /* SafariWebExtensionHandler.swift */,
				02AA641A2721C1C100007445 /* Resources */,
			);
			path = "Shared (Extension)";
			sourceTree = "<group>";
		};
		02AA641A2721C1C100007445 /* Resources */ = {
			isa = PBXGroup;
			children = (
				02AA641B2721C1C100007445 /* _locales */,
				02AA641C2721C1C100007445 /* images */,
				02AA641D2721C1C100007445 /* manifest.json */,
				02AA641E2721C1C100007445 /* background.js */,
				02AA641F2721C1C100007445 /* overlay_remover.js */,
			);
			path = Resources;
			sourceTree = "<group>";
		};
		02AA64282721C1C100007445 /* Products */ = {
			isa = PBXGroup;
			children = (
				02AA64272721C1C100007445 /* Behind The Overlay.app */,
				02AA64392721C1C100007445 /* Behind The Overlay.app */,
				02AA64452721C1C100007445 /* Behind The Overlay Extension.appex */,
				02AA644F2721C1C100007445 /* Behind The Overlay Extension.appex */,
			);
			name = Products;
			sourceTree = "<group>";
		};
		02AA64292721C1C100007445 /* iOS (App) */ = {
			isa = PBXGroup;
			children = (
				02AA642A2721C1C100007445 /* AppDelegate.swift */,
				02AA642C2721C1C100007445 /* SceneDelegate.swift */,
				02AA642E2721C1C100007445 /* LaunchScreen.storyboard */,
				02AA64312721C1C100007445 /* Main.storyboard */,
				02AA64342721C1C100007445 /* Info.plist */,
			);
			path = "iOS (App)";
			sourceTree = "<group>";
		};
		02AA643A2721C1C100007445 /* macOS (App) */ = {
			isa = PBXGroup;
			children = (
				02AA643B2721C1C100007445 /* AppDelegate.swift */,
				02AA643D2721C1C100007445 /* Main.storyboard */,
				02AA64402721C1C100007445 /* Behind The Overlay.entitlements */,
			);
			path = "macOS (App)";
			sourceTree = "<group>";
		};
		02AA64492721C1C100007445 /* iOS (Extension) */ = {
			isa = PBXGroup;
			children = (
				02AA644A2721C1C100007445 /* Info.plist */,
			);
			path = "iOS (Extension)";
			sourceTree = "<group>";
		};
		02AA64532721C1C100007445 /* macOS (Extension) */ = {
			isa = PBXGroup;
			children = (
				02AA64542721C1C100007445 /* Info.plist */,
			);
			path = "macOS (Extension)";
			sourceTree = "<group>";
		};
/* End PBXGroup section */

/* Begin PBXNativeTarget section */
		02AA64262721C1C100007445 /* Behind The Overlay (iOS) */ = {
			isa = PBXNativeTarget;
			buildConfigurationList = 02AA64792721C1C100007445 /* Build configuration list for PBXNativeTarget "Behind The Overlay (iOS)" */;
			buildPhases = (
				02AA64232721C1C100007445 /* Sources */,
				02AA64242721C1C100007445 /* Frameworks */,
				02AA64252721C1C100007445 /* Resources */,
				02AA64782721C1C100007445 /* Embed App Extensions */,
			);
			buildRules = (
			);
			dependencies = (
				02AA64482721C1C100007445 /* PBXTargetDependency */,
			);
			name = "Behind The Overlay (iOS)";
			productName = "Behind The Overlay (iOS)";
			productReference = 02AA64272721C1C100007445 /* Behind The Overlay.app */;
			productType = "com.apple.product-type.application";
		};
		02AA64382721C1C100007445 /* Behind The Overlay (macOS) */ = {
			isa = PBXNativeTarget;
			buildConfigurationList = 02AA64802721C1C100007445 /* Build configuration list for PBXNativeTarget "Behind The Overlay (macOS)" */;
			buildPhases = (
				02AA64352721C1C100007445 /* Sources */,
				02AA64362721C1C100007445 /* Frameworks */,
				02AA64372721C1C100007445 /* Resources */,
				02AA647F2721C1C100007445 /* Embed App Extensions */,
			);
			buildRules = (
			);
			dependencies = (
				02AA64522721C1C100007445 /* PBXTargetDependency */,
			);
			name = "Behind The Overlay (macOS)";
			productName = "Behind The Overlay (macOS)";
			productReference = 02AA64392721C1C100007445 /* Behind The Overlay.app */;
			productType = "com.apple.product-type.application";
		};
		02AA64442721C1C100007445 /* Behind The Overlay Extension (iOS) */ = {
			isa = PBXNativeTarget;
			buildConfigurationList = 02AA64752721C1C100007445 /* Build configuration list for PBXNativeTarget "Behind The Overlay Extension (iOS)" */;
			buildPhases = (
				02AA64412721C1C100007445 /* Sources */,
				02AA64422721C1C100007445 /* Frameworks */,
				02AA64432721C1C100007445 /* Resources */,
			);
			buildRules = (
			);
			dependencies = (
			);
			name = "Behind The Overlay Extension (iOS)";
			productName = "Behind The Overlay Extension (iOS)";
			productReference = 02AA64452721C1C100007445 /* Behind The Overlay Extension.appex */;
			productType = "com.apple.product-type.app-extension";
		};
		02AA644E2721C1C100007445 /* Behind The Overlay Extension (macOS) */ = {
			isa = PBXNativeTarget;
			buildConfigurationList = 02AA647C2721C1C100007445 /* Build configuration list for PBXNativeTarget "Behind The Overlay Extension (macOS)" */;
			buildPhases = (
				02AA644B2721C1C100007445 /* Sources */,
				02AA644C2721C1C100007445 /* Frameworks */,
				02AA644D2721C1C100007445 /* Resources */,
			);
			buildRules = (
			);
			dependencies = (
			);
			name = "Behind The Overlay Extension (macOS)";
			productName = "Behind The Overlay Extension (macOS)";
			productReference = 02AA644F2721C1C100007445 /* Behind The Overlay Extension.appex */;
			productType = "com.apple.product-type.app-extension";
		};
/* End PBXNativeTarget section */

/* Begin PBXProject section */
		02AA640B2721C1BA00007445 /* Project object */ = {
			isa = PBXProject;
			attributes = {
				BuildIndependentTargetsInParallel = 1;
				LastSwiftUpdateCheck = 1300;
				LastUpgradeCheck = 1300;
				TargetAttributes = {
					02AA64262721C1C100007445 = {
						CreatedOnToolsVersion = 13.0;
					};
					02AA64382721C1C100007445 = {
						CreatedOnToolsVersion = 13.0;
					};
					02AA64442721C1C100007445 = {
						CreatedOnToolsVersion = 13.0;
					};
					02AA644E2721C1C100007445 = {
						CreatedOnToolsVersion = 13.0;
					};
				};
			};
			buildConfigurationList = 02AA640E2721C1BA00007445 /* Build configuration list for PBXProject "Behind The Overlay" */;
			compatibilityVersion = "Xcode 13.0";
			developmentRegion = en;
			hasScannedForEncodings = 0;
			knownRegions = (
				en,
				Base,
			);
			mainGroup = 02AA640A2721C1BA00007445;
			productRefGroup = 02AA64282721C1C100007445 /* Products */;
			projectDirPath = "";
			projectRoot = "";
			targets = (
				02AA64262721C1C100007445 /* Behind The Overlay (iOS) */,
				02AA64382721C1C100007445 /* Behind The Overlay (macOS) */,
				02AA64442721C1C100007445 /* Behind The Overlay Extension (iOS) */,
				02AA644E2721C1C100007445 /* Behind The Overlay Extension (macOS) */,
			);
		};
/* End PBXProject section */

/* Begin PBXResourcesBuildPhase section */
		02AA64252721C1C100007445 /* Resources */ = {
			isa = PBXResourcesBuildPhase;
			buildActionMask = 2147483647;
			files = (
				02AA64302721C1C100007445 /* LaunchScreen.storyboard in Resources */,
				02AA64552721C1C100007445 /* Main.html in Resources */,
				02AA645B2721C1C100007445 /* Script.js in Resources */,
				02AA645F2721C1C100007445 /* Assets.xcassets in Resources */,
				02AA64332721C1C100007445 /* Main.storyboard in Resources */,
				029484EF2724465000C7CC66 /* Icon.png in Resources */,
				02AA64592721C1C100007445 /* Style.css in Resources */,
			);
			runOnlyForDeploymentPostprocessing = 0;
		};
		02AA64372721C1C100007445 /* Resources */ = {
			isa = PBXResourcesBuildPhase;
			buildActionMask = 2147483647;
			files = (
				029484F02724465000C7CC66 /* Icon.png in Resources */,
				02AA645A2721C1C100007445 /* Style.css in Resources */,
				02AA643F2721C1C100007445 /* Main.storyboard in Resources */,
				02AA645C2721C1C100007445 /* Script.js in Resources */,
				02AA64602721C1C100007445 /* Assets.xcassets in Resources */,
				02AA64562721C1C100007445 /* Main.html in Resources */,
			);
			runOnlyForDeploymentPostprocessing = 0;
		};
		02AA64432721C1C100007445 /* Resources */ = {
			isa = PBXResourcesBuildPhase;
			buildActionMask = 2147483647;
			files = (
				02AA64692721C1C100007445 /* background.js in Resources */,
				02AA64652721C1C100007445 /* images in Resources */,
				02AA64672721C1C100007445 /* manifest.json in Resources */,
				02AA64632721C1C100007445 /* _locales in Resources */,
				02AA646B2721C1C100007445 /* overlay_remover.js in Resources */,
			);
			runOnlyForDeploymentPostprocessing = 0;
		};
		02AA644D2721C1C100007445 /* Resources */ = {
			isa = PBXResourcesBuildPhase;
			buildActionMask = 2147483647;
			files = (
				02AA646A2721C1C100007445 /* background.js in Resources */,
				02AA64662721C1C100007445 /* images in Resources */,
				02AA64682721C1C100007445 /* manifest.json in Resources */,
				02AA64642721C1C100007445 /* _locales in Resources */,
				02AA646C2721C1C100007445 /* overlay_remover.js in Resources */,
			);
			runOnlyForDeploymentPostprocessing = 0;
		};
/* End PBXResourcesBuildPhase section */

/* Begin PBXSourcesBuildPhase section */
		02AA64232721C1C100007445 /* Sources */ = {
			isa = PBXSourcesBuildPhase;
			buildActionMask = 2147483647;
			files = (
				02AA645D2721C1C100007445 /* ViewController.swift in Sources */,
				02AA642B2721C1C100007445 /* AppDelegate.swift in Sources */,
				02AA642D2721C1C100007445 /* SceneDelegate.swift in Sources */,
			);
			runOnlyForDeploymentPostprocessing = 0;
		};
		02AA64352721C1C100007445 /* Sources */ = {
			isa = PBXSourcesBuildPhase;
			buildActionMask = 2147483647;
			files = (
				02AA645E2721C1C100007445 /* ViewController.swift in Sources */,
				02AA643C2721C1C100007445 /* AppDelegate.swift in Sources */,
			);
			runOnlyForDeploymentPostprocessing = 0;
		};
		02AA64412721C1C100007445 /* Sources */ = {
			isa = PBXSourcesBuildPhase;
			buildActionMask = 2147483647;
			files = (
				02AA64612721C1C100007445 /* SafariWebExtensionHandler.swift in Sources */,
			);
			runOnlyForDeploymentPostprocessing = 0;
		};
		02AA644B2721C1C100007445 /* Sources */ = {
			isa = PBXSourcesBuildPhase;
			buildActionMask = 2147483647;
			files = (
				02AA64622721C1C100007445 /* SafariWebExtensionHandler.swift in Sources */,
			);
			runOnlyForDeploymentPostprocessing = 0;
		};
/* End PBXSourcesBuildPhase section */

/* Begin PBXTargetDependency section */
		02AA64482721C1C100007445 /* PBXTargetDependency */ = {
			isa = PBXTargetDependency;
			target = 02AA64442721C1C100007445 /* Behind The Overlay Extension (iOS) */;
			targetProxy = 02AA64472721C1C100007445 /* PBXContainerItemProxy */;
		};
		02AA64522721C1C100007445 /* PBXTargetDependency */ = {
			isa = PBXTargetDependency;
			target = 02AA644E2721C1C100007445 /* Behind The Overlay Extension (macOS) */;
			targetProxy = 02AA64512721C1C100007445 /* PBXContainerItemProxy */;
		};
/* End PBXTargetDependency section */

/* Begin PBXVariantGroup section */
		02AA64112721C1BB00007445 /* Main.html */ = {
			isa = PBXVariantGroup;
			children = (
				02AA64122721C1BB00007445 /* Base */,
			);
			name = Main.html;
			sourceTree = "<group>";
		};
		02AA642E2721C1C100007445 /* LaunchScreen.storyboard */ = {
			isa = PBXVariantGroup;
			children = (
				02AA642F2721C1C100007445 /* Base */,
			);
			name = LaunchScreen.storyboard;
			sourceTree = "<group>";
		};
		02AA64312721C1C100007445 /* Main.storyboard */ = {
			isa = PBXVariantGroup;
			children = (
				02AA64322721C1C100007445 /* Base */,
			);
			name = Main.storyboard;
			sourceTree = "<group>";
		};
		02AA643D2721C1C100007445 /* Main.storyboard */ = {
			isa = PBXVariantGroup;
			children = (
				02AA643E2721C1C100007445 /* Base */,
			);
			name = Main.storyboard;
			sourceTree = "<group>";
		};
/* End PBXVariantGroup section */

/* Begin XCBuildConfiguration section */
		02AA64732721C1C100007445 /* Debug */ = {
			isa = XCBuildConfiguration;
			buildSettings = {
				ALWAYS_SEARCH_USER_PATHS = NO;
				CLANG_ANALYZER_NONNULL = YES;
				CLANG_ANALYZER_NUMBER_OBJECT_CONVERSION = YES_AGGRESSIVE;
				CLANG_CXX_LANGUAGE_STANDARD = "gnu++17";
				CLANG_CXX_LIBRARY = "libc++";
				CLANG_ENABLE_MODULES = YES;
				CLANG_ENABLE_OBJC_ARC = YES;
				CLANG_ENABLE_OBJC_WEAK = YES;
				CLANG_WARN_BLOCK_CAPTURE_AUTORELEASING = YES;
				CLANG_WARN_BOOL_CONVERSION = YES;
				CLANG_WARN_COMMA = YES;
				CLANG_WARN_CONSTANT_CONVERSION = YES;
				CLANG_WARN_DEPRECATED_OBJC_IMPLEMENTATIONS = YES;
				CLANG_WARN_DIRECT_OBJC_ISA_USAGE = YES_ERROR;
				CLANG_WARN_DOCUMENTATION_COMMENTS = YES;
				CLANG_WARN_EMPTY_BODY = YES;
				CLANG_WARN_ENUM_CONVERSION = YES;
				CLANG_WARN_INFINITE_RECURSION = YES;
				CLANG_WARN_INT_CONVERSION = YES;
				CLANG_WARN_NON_LITERAL_NULL_CONVERSION = YES;
				CLANG_WARN_OBJC_IMPLICIT_RETAIN_SELF = YES;
				CLANG_WARN_OBJC_LITERAL_CONVERSION = YES;
				CLANG_WARN_OBJC_ROOT_CLASS = YES_ERROR;
				CLANG_WARN_QUOTED_INCLUDE_IN_FRAMEWORK_HEADER = YES;
				CLANG_WARN_RANGE_LOOP_ANALYSIS = YES;
				CLANG_WARN_STRICT_PROTOTYPES = YES;
				CLANG_WARN_SUSPICIOUS_MOVE = YES;
				CLANG_WARN_UNGUARDED_AVAILABILITY = YES_AGGRESSIVE;
				CLANG_WARN_UNREACHABLE_CODE = YES;
				CLANG_WARN__DUPLICATE_METHOD_MATCH = YES;
				COPY_PHASE_STRIP = NO;
				DEBUG_INFORMATION_FORMAT = dwarf;
				ENABLE_STRICT_OBJC_MSGSEND = YES;
				ENABLE_TESTABILITY = YES;
				GCC_C_LANGUAGE_STANDARD = gnu11;
				GCC_DYNAMIC_NO_PIC = NO;
				GCC_NO_COMMON_BLOCKS = YES;
				GCC_OPTIMIZATION_LEVEL = 0;
				GCC_PREPROCESSOR_DEFINITIONS = (
					"DEBUG=1",
					"$(inherited)",
				);
				GCC_WARN_64_TO_32_BIT_CONVERSION = YES;
				GCC_WARN_ABOUT_RETURN_TYPE = YES_ERROR;
				GCC_WARN_UNDECLARED_SELECTOR = YES;
				GCC_WARN_UNINITIALIZED_AUTOS = YES_AGGRESSIVE;
				GCC_WARN_UNUSED_FUNCTION = YES;
				GCC_WARN_UNUSED_VARIABLE = YES;
				MTL_ENABLE_DEBUG_INFO = INCLUDE_SOURCE;
				MTL_FAST_MATH = YES;
				ONLY_ACTIVE_ARCH = YES;
				SWIFT_ACTIVE_COMPILATION_CONDITIONS = DEBUG;
				SWIFT_OPTIMIZATION_LEVEL = "-Onone";
			};
			name = Debug;
		};
		02AA64742721C1C100007445 /* Release */ = {
			isa = XCBuildConfiguration;
			buildSettings = {
				ALWAYS_SEARCH_USER_PATHS = NO;
				CLANG_ANALYZER_NONNULL = YES;
				CLANG_ANALYZER_NUMBER_OBJECT_CONVERSION = YES_AGGRESSIVE;
				CLANG_CXX_LANGUAGE_STANDARD = "gnu++17";
				CLANG_CXX_LIBRARY = "libc++";
				CLANG_ENABLE_MODULES = YES;
				CLANG_ENABLE_OBJC_ARC = YES;
				CLANG_ENABLE_OBJC_WEAK = YES;
				CLANG_WARN_BLOCK_CAPTURE_AUTORELEASING = YES;
				CLANG_WARN_BOOL_CONVERSION = YES;
				CLANG_WARN_COMMA = YES;
				CLANG_WARN_CONSTANT_CONVERSION = YES;
				CLANG_WARN_DEPRECATED_OBJC_IMPLEMENTATIONS = YES;
				CLANG_WARN_DIRECT_OBJC_ISA_USAGE = YES_ERROR;
				CLANG_WARN_DOCUMENTATION_COMMENTS = YES;
				CLANG_WARN_EMPTY_BODY = YES;
				CLANG_WARN_ENUM_CONVERSION = YES;
				CLANG_WARN_INFINITE_RECURSION = YES;
				CLANG_WARN_INT_CONVERSION = YES;
				CLANG_WARN_NON_LITERAL_NULL_CONVERSION = YES;
				CLANG_WARN_OBJC_IMPLICIT_RETAIN_SELF = YES;
				CLANG_WARN_OBJC_LITERAL_CONVERSION = YES;
				CLANG_WARN_OBJC_ROOT_CLASS = YES_ERROR;
				CLANG_WARN_QUOTED_INCLUDE_IN_FRAMEWORK_HEADER = YES;
				CLANG_WARN_RANGE_LOOP_ANALYSIS = YES;
				CLANG_WARN_STRICT_PROTOTYPES = YES;
				CLANG_WARN_SUSPICIOUS_MOVE = YES;
				CLANG_WARN_UNGUARDED_AVAILABILITY = YES_AGGRESSIVE;
				CLANG_WARN_UNREACHABLE_CODE = YES;
				CLANG_WARN__DUPLICATE_METHOD_MATCH = YES;
				COPY_PHASE_STRIP = NO;
				DEBUG_INFORMATION_FORMAT = "dwarf-with-dsym";
				ENABLE_NS_ASSERTIONS = NO;
				ENABLE_STRICT_OBJC_MSGSEND = YES;
				GCC_C_LANGUAGE_STANDARD = gnu11;
				GCC_NO_COMMON_BLOCKS = YES;
				GCC_WARN_64_TO_32_BIT_CONVERSION = YES;
				GCC_WARN_ABOUT_RETURN_TYPE = YES_ERROR;
				GCC_WARN_UNDECLARED_SELECTOR = YES;
				GCC_WARN_UNINITIALIZED_AUTOS = YES_AGGRESSIVE;
				GCC_WARN_UNUSED_FUNCTION = YES;
				GCC_WARN_UNUSED_VARIABLE = YES;
				MTL_ENABLE_DEBUG_INFO = NO;
				MTL_FAST_MATH = YES;
				SWIFT_COMPILATION_MODE = wholemodule;
				SWIFT_OPTIMIZATION_LEVEL = "-O";
			};
			name = Release;
		};
		02AA64762721C1C100007445 /* Debug */ = {
			isa = XCBuildConfiguration;
			buildSettings = {
				CODE_SIGN_STYLE = Automatic;
				CURRENT_PROJECT_VERSION = 1;
				DEVELOPMENT_TEAM = 4L258Z7H3Z;
				GENERATE_INFOPLIST_FILE = YES;
				INFOPLIST_FILE = "iOS (Extension)/Info.plist";
				INFOPLIST_KEY_CFBundleDisplayName = "Behind The Overlay Extension";
				INFOPLIST_KEY_NSHumanReadableCopyright = "";
				IPHONEOS_DEPLOYMENT_TARGET = 15.0;
				LD_RUNPATH_SEARCH_PATHS = (
					"$(inherited)",
					"@executable_path/Frameworks",
					"@executable_path/../../Frameworks",
				);
				MARKETING_VERSION = 1.0;
				OTHER_LDFLAGS = (
					"-framework",
					SafariServices,
				);
				PRODUCT_BUNDLE_IDENTIFIER = "me.kabele.Behind-The-Overlay.Extension";
				PRODUCT_NAME = "Behind The Overlay Extension";
				SDKROOT = iphoneos;
				SKIP_INSTALL = YES;
				SWIFT_EMIT_LOC_STRINGS = YES;
				SWIFT_VERSION = 5.0;
				TARGETED_DEVICE_FAMILY = "1,2";
			};
			name = Debug;
		};
		02AA64772721C1C100007445 /* Release */ = {
			isa = XCBuildConfiguration;
			buildSettings = {
				CODE_SIGN_STYLE = Automatic;
				CURRENT_PROJECT_VERSION = 1;
				DEVELOPMENT_TEAM = 4L258Z7H3Z;
				GENERATE_INFOPLIST_FILE = YES;
				INFOPLIST_FILE = "iOS (Extension)/Info.plist";
				INFOPLIST_KEY_CFBundleDisplayName = "Behind The Overlay Extension";
				INFOPLIST_KEY_NSHumanReadableCopyright = "";
				IPHONEOS_DEPLOYMENT_TARGET = 15.0;
				LD_RUNPATH_SEARCH_PATHS = (
					"$(inherited)",
					"@executable_path/Frameworks",
					"@executable_path/../../Frameworks",
				);
				MARKETING_VERSION = 1.0;
				OTHER_LDFLAGS = (
					"-framework",
					SafariServices,
				);
				PRODUCT_BUNDLE_IDENTIFIER = "me.kabele.Behind-The-Overlay.Extension";
				PRODUCT_NAME = "Behind The Overlay Extension";
				SDKROOT = iphoneos;
				SKIP_INSTALL = YES;
				SWIFT_EMIT_LOC_STRINGS = YES;
				SWIFT_VERSION = 5.0;
				TARGETED_DEVICE_FAMILY = "1,2";
				VALIDATE_PRODUCT = YES;
			};
			name = Release;
		};
		02AA647A2721C1C100007445 /* Debug */ = {
			isa = XCBuildConfiguration;
			buildSettings = {
				ALWAYS_EMBED_SWIFT_STANDARD_LIBRARIES = YES;
				ASSETCATALOG_COMPILER_APPICON_NAME = AppIcon;
				ASSETCATALOG_COMPILER_GLOBAL_ACCENT_COLOR_NAME = AccentColor;
				CODE_SIGN_STYLE = Automatic;
				CURRENT_PROJECT_VERSION = 1;
				DEVELOPMENT_TEAM = 4L258Z7H3Z;
				GENERATE_INFOPLIST_FILE = YES;
				INFOPLIST_FILE = "iOS (App)/Info.plist";
				INFOPLIST_KEY_CFBundleDisplayName = "Behind The Overlay";
				INFOPLIST_KEY_UIApplicationSupportsIndirectInputEvents = YES;
				INFOPLIST_KEY_UILaunchStoryboardName = LaunchScreen;
				INFOPLIST_KEY_UIMainStoryboardFile = Main;
				INFOPLIST_KEY_UISupportedInterfaceOrientations = "UIInterfaceOrientationPortrait UIInterfaceOrientationLandscapeLeft UIInterfaceOrientationLandscapeRight";
				INFOPLIST_KEY_UISupportedInterfaceOrientations_iPad = "UIInterfaceOrientationPortrait UIInterfaceOrientationPortraitUpsideDown UIInterfaceOrientationLandscapeLeft UIInterfaceOrientationLandscapeRight";
				IPHONEOS_DEPLOYMENT_TARGET = 15.0;
				LD_RUNPATH_SEARCH_PATHS = (
					"$(inherited)",
					"@executable_path/Frameworks",
				);
				MARKETING_VERSION = 1.0;
				OTHER_LDFLAGS = (
					"-framework",
					SafariServices,
					"-framework",
					WebKit,
				);
				PRODUCT_BUNDLE_IDENTIFIER = "me.kabele.Behind-The-Overlay";
				PRODUCT_NAME = "Behind The Overlay";
				SDKROOT = iphoneos;
				SWIFT_EMIT_LOC_STRINGS = YES;
				SWIFT_VERSION = 5.0;
				TARGETED_DEVICE_FAMILY = "1,2";
			};
			name = Debug;
		};
		02AA647B2721C1C100007445 /* Release */ = {
			isa = XCBuildConfiguration;
			buildSettings = {
				ALWAYS_EMBED_SWIFT_STANDARD_LIBRARIES = YES;
				ASSETCATALOG_COMPILER_APPICON_NAME = AppIcon;
				ASSETCATALOG_COMPILER_GLOBAL_ACCENT_COLOR_NAME = AccentColor;
				CODE_SIGN_STYLE = Automatic;
				CURRENT_PROJECT_VERSION = 1;
				DEVELOPMENT_TEAM = 4L258Z7H3Z;
				GENERATE_INFOPLIST_FILE = YES;
				INFOPLIST_FILE = "iOS (App)/Info.plist";
				INFOPLIST_KEY_CFBundleDisplayName = "Behind The Overlay";
				INFOPLIST_KEY_UIApplicationSupportsIndirectInputEvents = YES;
				INFOPLIST_KEY_UILaunchStoryboardName = LaunchScreen;
				INFOPLIST_KEY_UIMainStoryboardFile = Main;
				INFOPLIST_KEY_UISupportedInterfaceOrientations = "UIInterfaceOrientationPortrait UIInterfaceOrientationLandscapeLeft UIInterfaceOrientationLandscapeRight";
				INFOPLIST_KEY_UISupportedInterfaceOrientations_iPad = "UIInterfaceOrientationPortrait UIInterfaceOrientationPortraitUpsideDown UIInterfaceOrientationLandscapeLeft UIInterfaceOrientationLandscapeRight";
				IPHONEOS_DEPLOYMENT_TARGET = 15.0;
				LD_RUNPATH_SEARCH_PATHS = (
					"$(inherited)",
					"@executable_path/Frameworks",
				);
				MARKETING_VERSION = 1.0;
				OTHER_LDFLAGS = (
					"-framework",
					SafariServices,
					"-framework",
					WebKit,
				);
				PRODUCT_BUNDLE_IDENTIFIER = "me.kabele.Behind-The-Overlay";
				PRODUCT_NAME = "Behind The Overlay";
				SDKROOT = iphoneos;
				SWIFT_EMIT_LOC_STRINGS = YES;
				SWIFT_VERSION = 5.0;
				TARGETED_DEVICE_FAMILY = "1,2";
				VALIDATE_PRODUCT = YES;
			};
			name = Release;
		};
		02AA647D2721C1C100007445 /* Debug */ = {
			isa = XCBuildConfiguration;
			buildSettings = {
				CODE_SIGN_STYLE = Automatic;
				CURRENT_PROJECT_VERSION = 1;
				DEVELOPMENT_TEAM = 4L258Z7H3Z;
				ENABLE_APP_SANDBOX = YES;
				ENABLE_HARDENED_RUNTIME = YES;
				ENABLE_USER_SELECTED_FILES = readonly;
				GENERATE_INFOPLIST_FILE = YES;
				INFOPLIST_FILE = "macOS (Extension)/Info.plist";
				INFOPLIST_KEY_CFBundleDisplayName = "Behind The Overlay Extension";
				INFOPLIST_KEY_NSHumanReadableCopyright = "";
				LD_RUNPATH_SEARCH_PATHS = (
					"$(inherited)",
					"@executable_path/../Frameworks",
					"@executable_path/../../../../Frameworks",
				);
				MACOSX_DEPLOYMENT_TARGET = 10.14;
				MARKETING_VERSION = 1.0;
				OTHER_LDFLAGS = (
					"-framework",
					SafariServices,
				);
				PRODUCT_BUNDLE_IDENTIFIER = "me.kabele.Behind-The-Overlay.Extension";
				PRODUCT_NAME = "Behind The Overlay Extension";
				SDKROOT = macosx;
				SKIP_INSTALL = YES;
				SWIFT_EMIT_LOC_STRINGS = YES;
				SWIFT_VERSION = 5.0;
			};
			name = Debug;
		};
		02AA647E2721C1C100007445 /* Release */ = {
			isa = XCBuildConfiguration;
			buildSettings = {
				CODE_SIGN_STYLE = Automatic;
				CURRENT_PROJECT_VERSION = 1;
				DEVELOPMENT_TEAM = 4L258Z7H3Z;
				ENABLE_APP_SANDBOX = YES;
				ENABLE_HARDENED_RUNTIME = YES;
				ENABLE_USER_SELECTED_FILES = readonly;
				GENERATE_INFOPLIST_FILE = YES;
				INFOPLIST_FILE = "macOS (Extension)/Info.plist";
				INFOPLIST_KEY_CFBundleDisplayName = "Behind The Overlay Extension";
				INFOPLIST_KEY_NSHumanReadableCopyright = "";
				LD_RUNPATH_SEARCH_PATHS = (
					"$(inherited)",
					"@executable_path/../Frameworks",
					"@executable_path/../../../../Frameworks",
				);
				MACOSX_DEPLOYMENT_TARGET = 10.14;
				MARKETING_VERSION = 1.0;
				OTHER_LDFLAGS = (
					"-framework",
					SafariServices,
				);
				PRODUCT_BUNDLE_IDENTIFIER = "me.kabele.Behind-The-Overlay.Extension";
				PRODUCT_NAME = "Behind The Overlay Extension";
				SDKROOT = macosx;
				SKIP_INSTALL = YES;
				SWIFT_EMIT_LOC_STRINGS = YES;
				SWIFT_VERSION = 5.0;
			};
			name = Release;
		};
		02AA64812721C1C100007445 /* Debug */ = {
			isa = XCBuildConfiguration;
			buildSettings = {
				ALWAYS_EMBED_SWIFT_STANDARD_LIBRARIES = YES;
				ASSETCATALOG_COMPILER_APPICON_NAME = AppIcon;
				ASSETCATALOG_COMPILER_GLOBAL_ACCENT_COLOR_NAME = AccentColor;
				CODE_SIGN_ENTITLEMENTS = "macOS (App)/Behind The Overlay.entitlements";
				CODE_SIGN_STYLE = Automatic;
				CURRENT_PROJECT_VERSION = 1;
				DEVELOPMENT_TEAM = 4L258Z7H3Z;
				ENABLE_APP_SANDBOX = YES;
				ENABLE_HARDENED_RUNTIME = YES;
				ENABLE_USER_SELECTED_FILES = readonly;
				GENERATE_INFOPLIST_FILE = YES;
				INFOPLIST_KEY_CFBundleDisplayName = "Behind The Overlay";
				INFOPLIST_KEY_LSApplicationCategoryType = "public.app-category.utilities";
				INFOPLIST_KEY_NSMainStoryboardFile = Main;
				INFOPLIST_KEY_NSPrincipalClass = NSApplication;
				LD_RUNPATH_SEARCH_PATHS = (
					"$(inherited)",
					"@executable_path/../Frameworks",
				);
				MACOSX_DEPLOYMENT_TARGET = 10.14;
				MARKETING_VERSION = 1.0;
				OTHER_LDFLAGS = (
					"-framework",
					SafariServices,
					"-framework",
					WebKit,
				);
				PRODUCT_BUNDLE_IDENTIFIER = "me.kabele.Behind-The-Overlay";
				PRODUCT_NAME = "Behind The Overlay";
				SDKROOT = macosx;
				SWIFT_EMIT_LOC_STRINGS = YES;
				SWIFT_VERSION = 5.0;
			};
			name = Debug;
		};
		02AA64822721C1C100007445 /* Release */ = {
			isa = XCBuildConfiguration;
			buildSettings = {
				ALWAYS_EMBED_SWIFT_STANDARD_LIBRARIES = YES;
				ASSETCATALOG_COMPILER_APPICON_NAME = AppIcon;
				ASSETCATALOG_COMPILER_GLOBAL_ACCENT_COLOR_NAME = AccentColor;
				CODE_SIGN_ENTITLEMENTS = "Behind The Overlay (macOS)Release.entitlements";
				CODE_SIGN_STYLE = Automatic;
				CURRENT_PROJECT_VERSION = 1;
				DEVELOPMENT_TEAM = 4L258Z7H3Z;
				ENABLE_APP_SANDBOX = YES;
				ENABLE_HARDENED_RUNTIME = YES;
				ENABLE_USER_SELECTED_FILES = readonly;
				GENERATE_INFOPLIST_FILE = YES;
				INFOPLIST_KEY_CFBundleDisplayName = "Behind The Overlay";
				INFOPLIST_KEY_LSApplicationCategoryType = "public.app-category.utilities";
				INFOPLIST_KEY_NSMainStoryboardFile = Main;
				INFOPLIST_KEY_NSPrincipalClass = NSApplication;
				LD_RUNPATH_SEARCH_PATHS = (
					"$(inherited)",
					"@executable_path/../Frameworks",
				);
				MACOSX_DEPLOYMENT_TARGET = 10.14;
				MARKETING_VERSION = 1.0;
				OTHER_LDFLAGS = (
					"-framework",
					SafariServices,
					"-framework",
					WebKit,
				);
				PRODUCT_BUNDLE_IDENTIFIER = "me.kabele.Behind-The-Overlay";
				PRODUCT_NAME = "Behind The Overlay";
				SDKROOT = macosx;
				SWIFT_EMIT_LOC_STRINGS = YES;
				SWIFT_VERSION = 5.0;
			};
			name = Release;
		};
/* End XCBuildConfiguration section */

/* Begin XCConfigurationList section */
		02AA640E2721C1BA00007445 /* Build configuration list for PBXProject "Behind The Overlay" */ = {
			isa = XCConfigurationList;
			buildConfigurations = (
				02AA64732721C1C100007445 /* Debug */,
				02AA64742721C1C100007445 /* Release */,
			);
			defaultConfigurationIsVisible = 0;
			defaultConfigurationName = Release;
		};
		02AA64752721C1C100007445 /* Build configuration list for PBXNativeTarget "Behind The Overlay Extension (iOS)" */ = {
			isa = XCConfigurationList;
			buildConfigurations = (
				02AA64762721C1C100007445 /* Debug */,
				02AA64772721C1C100007445 /* Release */,
			);
			defaultConfigurationIsVisible = 0;
			defaultConfigurationName = Release;
		};
		02AA64792721C1C100007445 /* Build configuration list for PBXNativeTarget "Behind The Overlay (iOS)" */ = {
			isa = XCConfigurationList;
			buildConfigurations = (
				02AA647A2721C1C100007445 /* Debug */,
				02AA647B2721C1C100007445 /* Release */,
			);
			defaultConfigurationIsVisible = 0;
			defaultConfigurationName = Release;
		};
		02AA647C2721C1C100007445 /* Build configuration list for PBXNativeTarget "Behind The Overlay Extension (macOS)" */ = {
			isa = XCConfigurationList;
			buildConfigurations = (
				02AA647D2721C1C100007445 /* Debug */,
				02AA647E2721C1C100007445 /* Release */,
			);
			defaultConfigurationIsVisible = 0;
			defaultConfigurationName = Release;
		};
		02AA64802721C1C100007445 /* Build configuration list for PBXNativeTarget "Behind The Overlay (macOS)" */ = {
			isa = XCConfigurationList;
			buildConfigurations = (
				02AA64812721C1C100007445 /* Debug */,
				02AA64822721C1C100007445 /* Release */,
			);
			defaultConfigurationIsVisible = 0;
			defaultConfigurationName = Release;
		};
/* End XCConfigurationList section */
	};
	rootObject = 02AA640B2721C1BA00007445 /* Project object */;
}
